
Microsoft Visual Studio Solution File, Format Version 12.00
# Visual Studio Version 16
VisualStudioVersion = 16.0.30503.244
MinimumVisualStudioVersion = 10.0.40219.1
Project("{FAE04EC0-301F-11D3-BF4B-00C04F79EFBC}") = "API-CRUD-Empleados", "API-CRUD-Empleados\API-CRUD-Empleados.csproj", "{CC7C6822-B601-418C-AE5C-0E502979C0AA}"
EndProject
Global
	GlobalSection(SolutionConfigurationPlatforms) = preSolution
		Debug|Any CPU = Debug|Any CPU
		Release|Any CPU = Release|Any CPU
	EndGlobalSection
	GlobalSection(ProjectConfigurationPlatforms) = postSolution
		{CC7C6822-B601-418C-AE5C-0E502979C0AA}.Debug|Any CPU.ActiveCfg = Debug|Any CPU
		{CC7C6822-B601-418C-AE5C-0E502979C0AA}.Debug|Any CPU.Build.0 = Debug|Any CPU
		{CC7C6822-B601-418C-AE5C-0E502979C0AA}.Release|Any CPU.ActiveCfg = Release|Any CPU
		{CC7C6822-B601-418C-AE5C-0E502979C0AA}.Release|Any CPU.Build.0 = Release|Any CPU
	EndGlobalSection
	GlobalSection(SolutionProperties) = preSolution
		HideSolutionNode = FALSE
	EndGlobalSection
	GlobalSection(ExtensibilityGlobals) = postSolution
		SolutionGuid = {75A0F625-C5A2-42F7-BAB5-9B1E64DC4653}
	EndGlobalSection
EndGlobal
